// !$*UTF8*$!
{
	archiveVersion = 1;
	classes = {
	};
	objectVersion = 50;
	objects = {

/* Begin PBXBuildFile section */
		4705B4BE2488149700E43C86 /* WheelViewController.swift in Sources */ = {isa = PBXBuildFile; fileRef = 4705B4BD2488149700E43C86 /* WheelViewController.swift */; };
		47198749248C008D003E1076 /* CAShapeLayer+Ext.swift in Sources */ = {isa = PBXBuildFile; fileRef = 47198748248C008D003E1076 /* CAShapeLayer+Ext.swift */; };
		473EAB2E248D4F3700E44FFA /* UIViewController+Ext.swift in Sources */ = {isa = PBXBuildFile; fileRef = 473EAB2D248D4F3700E44FFA /* UIViewController+Ext.swift */; };
		4743A271247E279B00FFA891 /* PulseLayer.swift in Sources */ = {isa = PBXBuildFile; fileRef = 4743A270247E279B00FFA891 /* PulseLayer.swift */; };
		476AD12B2486BC6200B2E7B7 /* DoubleRingViewController.swift in Sources */ = {isa = PBXBuildFile; fileRef = 476AD12A2486BC6200B2E7B7 /* DoubleRingViewController.swift */; };
		4770E2772482B6CA00966741 /* UIColor+Ext.swift in Sources */ = {isa = PBXBuildFile; fileRef = 4770E2762482B6CA00966741 /* UIColor+Ext.swift */; };
		4778041024791D2300BDFA12 /* AppDelegate.swift in Sources */ = {isa = PBXBuildFile; fileRef = 4778040F24791D2300BDFA12 /* AppDelegate.swift */; };
		4778041224791D2300BDFA12 /* SceneDelegate.swift in Sources */ = {isa = PBXBuildFile; fileRef = 4778041124791D2300BDFA12 /* SceneDelegate.swift */; };
		4778041424791D2300BDFA12 /* RingViewController.swift in Sources */ = {isa = PBXBuildFile; fileRef = 4778041324791D2300BDFA12 /* RingViewController.swift */; };
		4778041724791D2300BDFA12 /* Main.storyboard in Resources */ = {isa = PBXBuildFile; fileRef = 4778041524791D2300BDFA12 /* Main.storyboard */; };
		4778041924791D2600BDFA12 /* Assets.xcassets in Resources */ = {isa = PBXBuildFile; fileRef = 4778041824791D2600BDFA12 /* Assets.xcassets */; };
		4778041C24791D2600BDFA12 /* LaunchScreen.storyboard in Resources */ = {isa = PBXBuildFile; fileRef = 4778041A24791D2600BDFA12 /* LaunchScreen.storyboard */; };
/* End PBXBuildFile section */

/* Begin PBXFileReference section */
		4705B4BD2488149700E43C86 /* WheelViewController.swift */ = {isa = PBXFileReference; lastKnownFileType = sourcecode.swift; path = WheelViewController.swift; sourceTree = "<group>"; };
		47198748248C008D003E1076 /* CAShapeLayer+Ext.swift */ = {isa = PBXFileReference; lastKnownFileType = sourcecode.swift; path = "CAShapeLayer+Ext.swift"; sourceTree = "<group>"; };
		473EAB2D248D4F3700E44FFA /* UIViewController+Ext.swift */ = {isa = PBXFileReference; lastKnownFileType = sourcecode.swift; path = "UIViewController+Ext.swift"; sourceTree = "<group>"; };
		4743A270247E279B00FFA891 /* PulseLayer.swift */ = {isa = PBXFileReference; lastKnownFileType = sourcecode.swift; path = PulseLayer.swift; sourceTree = "<group>"; };
		476AD12A2486BC6200B2E7B7 /* DoubleRingViewController.swift */ = {isa = PBXFileReference; lastKnownFileType = sourcecode.swift; path = DoubleRingViewController.swift; sourceTree = "<group>"; };
		4770E2762482B6CA00966741 /* UIColor+Ext.swift */ = {isa = PBXFileReference; lastKnownFileType = sourcecode.swift; path = "UIColor+Ext.swift"; sourceTree = "<group>"; };
		4778040C24791D2300BDFA12 /* Circular Chart.app */ = {isa = PBXFileReference; explicitFileType = wrapper.application; includeInIndex = 0; path = "Circular Chart.app"; sourceTree = BUILT_PRODUCTS_DIR; };
		4778040F24791D2300BDFA12 /* AppDelegate.swift */ = {isa = PBXFileReference; lastKnownFileType = sourcecode.swift; path = AppDelegate.swift; sourceTree = "<group>"; };
		4778041124791D2300BDFA12 /* SceneDelegate.swift */ = {isa = PBXFileReference; lastKnownFileType = sourcecode.swift; path = SceneDelegate.swift; sourceTree = "<group>"; };
		4778041324791D2300BDFA12 /* RingViewController.swift */ = {isa = PBXFileReference; lastKnownFileType = sourcecode.swift; path = RingViewController.swift; sourceTree = "<group>"; };
		4778041624791D2300BDFA12 /* Base */ = {isa = PBXFileReference; lastKnownFileType = file.storyboard; name = Base; path = Base.lproj/Main.storyboard; sourceTree = "<group>"; };
		4778041824791D2600BDFA12 /* Assets.xcassets */ = {isa = PBXFileReference; lastKnownFileType = folder.assetcatalog; path = Assets.xcassets; sourceTree = "<group>"; };
		4778041B24791D2600BDFA12 /* Base */ = {isa = PBXFileReference; lastKnownFileType = file.storyboard; name = Base; path = Base.lproj/LaunchScreen.storyboard; sourceTree = "<group>"; };
		4778041D24791D2600BDFA12 /* Info.plist */ = {isa = PBXFileReference; lastKnownFileType = text.plist.xml; path = Info.plist; sourceTree = "<group>"; };
/* End PBXFileReference section */

/* Begin PBXFrameworksBuildPhase section */
		4778040924791D2300BDFA12 /* Frameworks */ = {
			isa = PBXFrameworksBuildPhase;
			buildActionMask = 2147483647;
			files = (
			);
			runOnlyForDeploymentPostprocessing = 0;
		};
/* End PBXFrameworksBuildPhase section */

/* Begin PBXGroup section */
		4705B4BC2488147500E43C86 /* Weel Ring */ = {
			isa = PBXGroup;
			children = (
				4705B4BD2488149700E43C86 /* WheelViewController.swift */,
			);
			path = "Weel Ring";
			sourceTree = "<group>";
		};
		4743A26B247E26A000FFA891 /* Scenes */ = {
			isa = PBXGroup;
			children = (
				4705B4BC2488147500E43C86 /* Weel Ring */,
				476AD12C2486BCE400B2E7B7 /* Double Ring */,
				476AD1292486BBA600B2E7B7 /* Single Ring */,
				4778041524791D2300BDFA12 /* Main.storyboard */,
			);
			path = Scenes;
			sourceTree = "<group>";
		};
		4743A26C247E26B800FFA891 /* Support Files */ = {
			isa = PBXGroup;
			children = (
				4778040F24791D2300BDFA12 /* AppDelegate.swift */,
				4778041124791D2300BDFA12 /* SceneDelegate.swift */,
				4778041824791D2600BDFA12 /* Assets.xcassets */,
				4778041A24791D2600BDFA12 /* LaunchScreen.storyboard */,
				4778041D24791D2600BDFA12 /* Info.plist */,
			);
			name = "Support Files";
			sourceTree = "<group>";
		};
		4743A26D247E26CF00FFA891 /* Custom Views */ = {
			isa = PBXGroup;
			children = (
				4743A26F247E278200FFA891 /* Animation Layers */,
			);
			path = "Custom Views";
			sourceTree = "<group>";
		};
		4743A26F247E278200FFA891 /* Animation Layers */ = {
			isa = PBXGroup;
			children = (
				4743A270247E279B00FFA891 /* PulseLayer.swift */,
			);
			path = "Animation Layers";
			sourceTree = "<group>";
		};
		476AD1292486BBA600B2E7B7 /* Single Ring */ = {
			isa = PBXGroup;
			children = (
				4778041324791D2300BDFA12 /* RingViewController.swift */,
			);
			path = "Single Ring";
			sourceTree = "<group>";
		};
		476AD12C2486BCE400B2E7B7 /* Double Ring */ = {
			isa = PBXGroup;
			children = (
				476AD12A2486BC6200B2E7B7 /* DoubleRingViewController.swift */,
			);
			path = "Double Ring";
			sourceTree = "<group>";
		};
		4770E2752482B6B100966741 /* Extension */ = {
			isa = PBXGroup;
			children = (
				4770E2762482B6CA00966741 /* UIColor+Ext.swift */,
				47198748248C008D003E1076 /* CAShapeLayer+Ext.swift */,
				473EAB2D248D4F3700E44FFA /* UIViewController+Ext.swift */,
			);
			path = Extension;
			sourceTree = "<group>";
		};
		4778040324791D2300BDFA12 = {
			isa = PBXGroup;
			children = (
				4778040E24791D2300BDFA12 /* Circular Chart */,
				4778040D24791D2300BDFA12 /* Products */,
			);
			sourceTree = "<group>";
		};
		4778040D24791D2300BDFA12 /* Products */ = {
			isa = PBXGroup;
			children = (
				4778040C24791D2300BDFA12 /* Circular Chart.app */,
			);
			name = Products;
			sourceTree = "<group>";
		};
		4778040E24791D2300BDFA12 /* Circular Chart */ = {
			isa = PBXGroup;
			children = (
				4743A26D247E26CF00FFA891 /* Custom Views */,
				4743A26B247E26A000FFA891 /* Scenes */,
				4770E2752482B6B100966741 /* Extension */,
				4743A26C247E26B800FFA891 /* Support Files */,
			);
			path = "Circular Chart";
			sourceTree = "<group>";
		};
/* End PBXGroup section */

/* Begin PBXNativeTarget section */
		4778040B24791D2300BDFA12 /* Circular Chart */ = {
			isa = PBXNativeTarget;
			buildConfigurationList = 4778042024791D2600BDFA12 /* Build configuration list for PBXNativeTarget "Circular Chart" */;
			buildPhases = (
				4778040824791D2300BDFA12 /* Sources */,
				4778040924791D2300BDFA12 /* Frameworks */,
				4778040A24791D2300BDFA12 /* Resources */,
			);
			buildRules = (
			);
			dependencies = (
			);
			name = "Circular Chart";
			productName = "Circular Chart";
			productReference = 4778040C24791D2300BDFA12 /* Circular Chart.app */;
			productType = "com.apple.product-type.application";
		};
/* End PBXNativeTarget section */

/* Begin PBXProject section */
		4778040424791D2300BDFA12 /* Project object */ = {
			isa = PBXProject;
			attributes = {
				LastSwiftUpdateCheck = 1140;
				LastUpgradeCheck = 1140;
				ORGANIZATIONNAME = "Hansa Anuradha";
				TargetAttributes = {
					4778040B24791D2300BDFA12 = {
						CreatedOnToolsVersion = 11.4.1;
					};
				};
			};
			buildConfigurationList = 4778040724791D2300BDFA12 /* Build configuration list for PBXProject "Circular Chart" */;
			compatibilityVersion = "Xcode 9.3";
			developmentRegion = en;
			hasScannedForEncodings = 0;
			knownRegions = (
				en,
				Base,
			);
			mainGroup = 4778040324791D2300BDFA12;
			productRefGroup = 4778040D24791D2300BDFA12 /* Products */;
			projectDirPath = "";
			projectRoot = "";
			targets = (
				4778040B24791D2300BDFA12 /* Circular Chart */,
			);
		};
/* End PBXProject section */

/* Begin PBXResourcesBuildPhase section */
		4778040A24791D2300BDFA12 /* Resources */ = {
			isa = PBXResourcesBuildPhase;
			buildActionMask = 2147483647;
			files = (
				4778041C24791D2600BDFA12 /* LaunchScreen.storyboard in Resources */,
				4778041924791D2600BDFA12 /* Assets.xcassets in Resources */,
				4778041724791D2300BDFA12 /* Main.storyboard in Resources */,
			);
			runOnlyForDeploymentPostprocessing = 0;
		};
/* End PBXResourcesBuildPhase section */

/* Begin PBXSourcesBuildPhase section */
		4778040824791D2300BDFA12 /* Sources */ = {
			isa = PBXSourcesBuildPhase;
			buildActionMask = 2147483647;
			files = (
				4705B4BE2488149700E43C86 /* WheelViewController.swift in Sources */,
				476AD12B2486BC6200B2E7B7 /* DoubleRingViewController.swift in Sources */,
				4778041424791D2300BDFA12 /* RingViewController.swift in Sources */,
				4778041024791D2300BDFA12 /* AppDelegate.swift in Sources */,
				4770E2772482B6CA00966741 /* UIColor+Ext.swift in Sources */,
				4778041224791D2300BDFA12 /* SceneDelegate.swift in Sources */,
				4743A271247E279B00FFA891 /* PulseLayer.swift in Sources */,
				47198749248C008D003E1076 /* CAShapeLayer+Ext.swift in Sources */,
				473EAB2E248D4F3700E44FFA /* UIViewController+Ext.swift in Sources */,
			);
			runOnlyForDeploymentPostprocessing = 0;
		};
/* End PBXSourcesBuildPhase section */

/* Begin PBXVariantGroup section */
		4778041524791D2300BDFA12 /* Main.storyboard */ = {
			isa = PBXVariantGroup;
			children = (
				4778041624791D2300BDFA12 /* Base */,
			);
			name = Main.storyboard;
			sourceTree = "<group>";
		};
		4778041A24791D2600BDFA12 /* LaunchScreen.storyboard */ = {
			isa = PBXVariantGroup;
			children = (
				4778041B24791D2600BDFA12 /* Base */,
			);
			name = LaunchScreen.storyboard;
			sourceTree = "<group>";
		};
/* End PBXVariantGroup section */

/* Begin XCBuildConfiguration section */
		4778041E24791D2600BDFA12 /* Debug */ = {
			isa = XCBuildConfiguration;
			buildSettings = {
				ALWAYS_SEARCH_USER_PATHS = NO;
				CLANG_ANALYZER_NONNULL = YES;
				CLANG_ANALYZER_NUMBER_OBJECT_CONVERSION = YES_AGGRESSIVE;
				CLANG_CXX_LANGUAGE_STANDARD = "gnu++14";
				CLANG_CXX_LIBRARY = "libc++";
				CLANG_ENABLE_MODULES = YES;
				CLANG_ENABLE_OBJC_ARC = YES;
				CLANG_ENABLE_OBJC_WEAK = YES;
				CLANG_WARN_BLOCK_CAPTURE_AUTORELEASING = YES;
				CLANG_WARN_BOOL_CONVERSION = YES;
				CLANG_WARN_COMMA = YES;
				CLANG_WARN_CONSTANT_CONVERSION = YES;
				CLANG_WARN_DEPRECATED_OBJC_IMPLEMENTATIONS = YES;
				CLANG_WARN_DIRECT_OBJC_ISA_USAGE = YES_ERROR;
				CLANG_WARN_DOCUMENTATION_COMMENTS = YES;
				CLANG_WARN_EMPTY_BODY = YES;
				CLANG_WARN_ENUM_CONVERSION = YES;
				CLANG_WARN_INFINITE_RECURSION = YES;
				CLANG_WARN_INT_CONVERSION = YES;
				CLANG_WARN_NON_LITERAL_NULL_CONVERSION = YES;
				CLANG_WARN_OBJC_IMPLICIT_RETAIN_SELF = YES;
				CLANG_WARN_OBJC_LITERAL_CONVERSION = YES;
				CLANG_WARN_OBJC_ROOT_CLASS = YES_ERROR;
				CLANG_WARN_RANGE_LOOP_ANALYSIS = YES;
				CLANG_WARN_STRICT_PROTOTYPES = YES;
				CLANG_WARN_SUSPICIOUS_MOVE = YES;
				CLANG_WARN_UNGUARDED_AVAILABILITY = YES_AGGRESSIVE;
				CLANG_WARN_UNREACHABLE_CODE = YES;
				CLANG_WARN__DUPLICATE_METHOD_MATCH = YES;
				COPY_PHASE_STRIP = NO;
				DEBUG_INFORMATION_FORMAT = dwarf;
				ENABLE_STRICT_OBJC_MSGSEND = YES;
				ENABLE_TESTABILITY = YES;
				GCC_C_LANGUAGE_STANDARD = gnu11;
				GCC_DYNAMIC_NO_PIC = NO;
				GCC_NO_COMMON_BLOCKS = YES;
				GCC_OPTIMIZATION_LEVEL = 0;
				GCC_PREPROCESSOR_DEFINITIONS = (
					"DEBUG=1",
					"$(inherited)",
				);
				GCC_WARN_64_TO_32_BIT_CONVERSION = YES;
				GCC_WARN_ABOUT_RETURN_TYPE = YES_ERROR;
				GCC_WARN_UNDECLARED_SELECTOR = YES;
				GCC_WARN_UNINITIALIZED_AUTOS = YES_AGGRESSIVE;
				GCC_WARN_UNUSED_FUNCTION = YES;
				GCC_WARN_UNUSED_VARIABLE = YES;
				IPHONEOS_DEPLOYMENT_TARGET = 13.4;
				MTL_ENABLE_DEBUG_INFO = INCLUDE_SOURCE;
				MTL_FAST_MATH = YES;
				ONLY_ACTIVE_ARCH = YES;
				SDKROOT = iphoneos;
				SWIFT_ACTIVE_COMPILATION_CONDITIONS = DEBUG;
				SWIFT_OPTIMIZATION_LEVEL = "-Onone";
			};
			name = Debug;
		};
		4778041F24791D2600BDFA12 /* Release */ = {
			isa = XCBuildConfiguration;
			buildSettings = {
				ALWAYS_SEARCH_USER_PATHS = NO;
				CLANG_ANALYZER_NONNULL = YES;
				CLANG_ANALYZER_NUMBER_OBJECT_CONVERSION = YES_AGGRESSIVE;
				CLANG_CXX_LANGUAGE_STANDARD = "gnu++14";
				CLANG_CXX_LIBRARY = "libc++";
				CLANG_ENABLE_MODULES = YES;
				CLANG_ENABLE_OBJC_ARC = YES;
				CLANG_ENABLE_OBJC_WEAK = YES;
				CLANG_WARN_BLOCK_CAPTURE_AUTORELEASING = YES;
				CLANG_WARN_BOOL_CONVERSION = YES;
				CLANG_WARN_COMMA = YES;
				CLANG_WARN_CONSTANT_CONVERSION = YES;
				CLANG_WARN_DEPRECATED_OBJC_IMPLEMENTATIONS = YES;
				CLANG_WARN_DIRECT_OBJC_ISA_USAGE = YES_ERROR;
				CLANG_WARN_DOCUMENTATION_COMMENTS = YES;
				CLANG_WARN_EMPTY_BODY = YES;
				CLANG_WARN_ENUM_CONVERSION = YES;
				CLANG_WARN_INFINITE_RECURSION = YES;
				CLANG_WARN_INT_CONVERSION = YES;
				CLANG_WARN_NON_LITERAL_NULL_CONVERSION = YES;
				CLANG_WARN_OBJC_IMPLICIT_RETAIN_SELF = YES;
				CLANG_WARN_OBJC_LITERAL_CONVERSION = YES;
				CLANG_WARN_OBJC_ROOT_CLASS = YES_ERROR;
				CLANG_WARN_RANGE_LOOP_ANALYSIS = YES;
				CLANG_WARN_STRICT_PROTOTYPES = YES;
				CLANG_WARN_SUSPICIOUS_MOVE = YES;
				CLANG_WARN_UNGUARDED_AVAILABILITY = YES_AGGRESSIVE;
				CLANG_WARN_UNREACHABLE_CODE = YES;
				CLANG_WARN__DUPLICATE_METHOD_MATCH = YES;
				COPY_PHASE_STRIP = NO;
				DEBUG_INFORMATION_FORMAT = "dwarf-with-dsym";
				ENABLE_NS_ASSERTIONS = NO;
				ENABLE_STRICT_OBJC_MSGSEND = YES;
				GCC_C_LANGUAGE_STANDARD = gnu11;
				GCC_NO_COMMON_BLOCKS = YES;
				GCC_WARN_64_TO_32_BIT_CONVERSION = YES;
				GCC_WARN_ABOUT_RETURN_TYPE = YES_ERROR;
				GCC_WARN_UNDECLARED_SELECTOR = YES;
				GCC_WARN_UNINITIALIZED_AUTOS = YES_AGGRESSIVE;
				GCC_WARN_UNUSED_FUNCTION = YES;
				GCC_WARN_UNUSED_VARIABLE = YES;
				IPHONEOS_DEPLOYMENT_TARGET = 13.4;
				MTL_ENABLE_DEBUG_INFO = NO;
				MTL_FAST_MATH = YES;
				SDKROOT = iphoneos;
				SWIFT_COMPILATION_MODE = wholemodule;
				SWIFT_OPTIMIZATION_LEVEL = "-O";
				VALIDATE_PRODUCT = YES;
			};
			name = Release;
		};
		4778042124791D2600BDFA12 /* Debug */ = {
			isa = XCBuildConfiguration;
			buildSettings = {
				ASSETCATALOG_COMPILER_APPICON_NAME = AppIcon;
				CODE_SIGN_STYLE = Automatic;
				DEVELOPMENT_TEAM = 7BXSU3YQGA;
				INFOPLIST_FILE = "Circular Chart/Info.plist";
				LD_RUNPATH_SEARCH_PATHS = (
					"$(inherited)",
					"@executable_path/Frameworks",
				);
				PRODUCT_BUNDLE_IDENTIFIER = "com.castleCode.Circular-Chart";
				PRODUCT_NAME = "$(TARGET_NAME)";
				SWIFT_VERSION = 5.0;
				TARGETED_DEVICE_FAMILY = 1;
			};
			name = Debug;
		};
		4778042224791D2600BDFA12 /* Release */ = {
			isa = XCBuildConfiguration;
			buildSettings = {
				ASSETCATALOG_COMPILER_APPICON_NAME = AppIcon;
				CODE_SIGN_STYLE = Automatic;
				DEVELOPMENT_TEAM = 7BXSU3YQGA;
				INFOPLIST_FILE = "Circular Chart/Info.plist";
				LD_RUNPATH_SEARCH_PATHS = (
					"$(inherited)",
					"@executable_path/Frameworks",
				);
				PRODUCT_BUNDLE_IDENTIFIER = "com.castleCode.Circular-Chart";
				PRODUCT_NAME = "$(TARGET_NAME)";
				SWIFT_VERSION = 5.0;
				TARGETED_DEVICE_FAMILY = 1;
			};
			name = Release;
		};
/* End XCBuildConfiguration section */

/* Begin XCConfigurationList section */
		4778040724791D2300BDFA12 /* Build configuration list for PBXProject "Circular Chart" */ = {
			isa = XCConfigurationList;
			buildConfigurations = (
				4778041E24791D2600BDFA12 /* Debug */,
				4778041F24791D2600BDFA12 /* Release */,
			);
			defaultConfigurationIsVisible = 0;
			defaultConfigurationName = Release;
		};
		4778042024791D2600BDFA12 /* Build configuration list for PBXNativeTarget "Circular Chart" */ = {
			isa = XCConfigurationList;
			buildConfigurations = (
				4778042124791D2600BDFA12 /* Debug */,
				4778042224791D2600BDFA12 /* Release */,
			);
			defaultConfigurationIsVisible = 0;
			defaultConfigurationName = Release;
		};
/* End XCConfigurationList section */
	};
	rootObject = 4778040424791D2300BDFA12 /* Project object */;
}
